Microsoft Visual Studio Solution File, Format Version 12.00
# Visual Studio Version 17
VisualStudioVersion = 17.5.2.0
MinimumVisualStudioVersion = 10.0.40219.1
Project("{FAE04EC0-301F-11D3-BF4B-00C04F79EFBC}") = "BlazorWebsite", "BlazorWebsite.csproj", "{69307FDE-05C1-7F7A-EBCC-3E5C7C3FE99E}"
EndProject
Global
	GlobalSection(SolutionConfigurationPlatforms) = preSolution
		Debug|Any CPU = Debug|Any CPU
		Release|Any CPU = Release|Any CPU
	EndGlobalSection
	GlobalSection(ProjectConfigurationPlatforms) = postSolution
		{69307FDE-05C1-7F7A-EBCC-3E5C7C3FE99E}.Debug|Any CPU.ActiveCfg = Debug|Any CPU
		{69307FDE-05C1-7F7A-EBCC-3E5C7C3FE99E}.Debug|Any CPU.Build.0 = Debug|Any CPU
		{69307FDE-05C1-7F7A-EBCC-3E5C7C3FE99E}.Release|Any CPU.ActiveCfg = Release|Any CPU
		{69307FDE-05C1-7F7A-EBCC-3E5C7C3FE99E}.Release|Any CPU.Build.0 = Release|Any CPU
	EndGlobalSection
	GlobalSection(SolutionProperties) = preSolution
		HideSolutionNode = FALSE
	EndGlobalSection
	GlobalSection(ExtensibilityGlobals) = postSolution
		SolutionGuid = {98A25136-59C2-4E98-9722-0D2E36921BE6}
	EndGlobalSection
EndGlobal
